{
  "name": "mern-ts-booking",
  "lockfileVersion": 3,
  "requires": true,
  "packages": {
    "": {
      "dependencies": {
        "npm-check-updates": "^17.1.3"
      }
    },
    "node_modules/npm-check-updates": {
      "version": "17.1.3",
      "resolved": "https://registry.npmjs.org/npm-check-updates/-/npm-check-updates-17.1.3.tgz",
      "integrity": "sha512-4uDLBWPuDHT5KLieIJ20FoAB8yqJejmupI42wPyfObgQOBbPAikQSwT73afDwREvhuxYrRDqlRvxTMSfvO+L8A==",
      "license": "Apache-2.0",
      "bin": {
        "ncu": "build/cli.js",
        "npm-check-updates": "build/cli.js"
      },
      "engines": {
        "node": "^18.18.0 || >=20.0.0",
        "npm": ">=8.12.1"
      }
    }
  }
}
